// !$*UTF8*$!
{
	archiveVersion = 1;
	classes = {
	};
	objectVersion = 50;
	objects = {

/* Begin PBXBuildFile section */
		ECF80CD423146F7B000A5965 /* AppDelegate.swift in Sources */ = {isa = PBXBuildFile; fileRef = ECF80CD323146F7B000A5965 /* AppDelegate.swift */; };
		ECF80CD623146F7B000A5965 /* ViewController.swift in Sources */ = {isa = PBXBuildFile; fileRef = ECF80CD523146F7B000A5965 /* ViewController.swift */; };
		ECF80CD923146F7B000A5965 /* Main.storyboard in Resources */ = {isa = PBXBuildFile; fileRef = ECF80CD723146F7B000A5965 /* Main.storyboard */; };
		ECF80CDB23146F7D000A5965 /* Assets.xcassets in Resources */ = {isa = PBXBuildFile; fileRef = ECF80CDA23146F7D000A5965 /* Assets.xcassets */; };
		ECF80CDE23146F7D000A5965 /* LaunchScreen.storyboard in Resources */ = {isa = PBXBuildFile; fileRef = ECF80CDC23146F7D000A5965 /* LaunchScreen.storyboard */; };
		ECF80CE923146F7D000A5965 /* KotlinIOSTests.swift in Sources */ = {isa = PBXBuildFile; fileRef = ECF80CE823146F7D000A5965 /* KotlinIOSTests.swift */; };
		ECF80CF423146F7D000A5965 /* KotlinIOSUITests.swift in Sources */ = {isa = PBXBuildFile; fileRef = ECF80CF323146F7D000A5965 /* KotlinIOSUITests.swift */; };
		ECF80D02231471E0000A5965 /* SharedCode.framework in Frameworks */ = {isa = PBXBuildFile; fileRef = ECF80D01231471E0000A5965 /* SharedCode.framework */; };
		ECF80D03231471E0000A5965 /* SharedCode.framework in Embed Frameworks */ = {isa = PBXBuildFile; fileRef = ECF80D01231471E0000A5965 /* SharedCode.framework */; settings = {ATTRIBUTES = (CodeSignOnCopy, RemoveHeadersOnCopy, ); }; };
/* End PBXBuildFile section */

/* Begin PBXContainerItemProxy section */
		ECF80CE523146F7D000A5965 /* PBXContainerItemProxy */ = {
			isa = PBXContainerItemProxy;
			containerPortal = ECF80CC823146F7B000A5965 /* Project object */;
			proxyType = 1;
			remoteGlobalIDString = ECF80CCF23146F7B000A5965;
			remoteInfo = KotlinIOS;
		};
		ECF80CF023146F7D000A5965 /* PBXContainerItemProxy */ = {
			isa = PBXContainerItemProxy;
			containerPortal = ECF80CC823146F7B000A5965 /* Project object */;
			proxyType = 1;
			remoteGlobalIDString = ECF80CCF23146F7B000A5965;
			remoteInfo = KotlinIOS;
		};
/* End PBXContainerItemProxy section */

/* Begin PBXCopyFilesBuildPhase section */
		ECF80D04231471E0000A5965 /* Embed Frameworks */ = {
			isa = PBXCopyFilesBuildPhase;
			buildActionMask = 2147483647;
			dstPath = "";
			dstSubfolderSpec = 10;
			files = (
				ECF80D03231471E0000A5965 /* SharedCode.framework in Embed Frameworks */,
			);
			name = "Embed Frameworks";
			runOnlyForDeploymentPostprocessing = 0;
		};
/* End PBXCopyFilesBuildPhase section */

/* Begin PBXFileReference section */
		ECF80CD023146F7B000A5965 /* KotlinIOS.app */ = {isa = PBXFileReference; explicitFileType = wrapper.application; includeInIndex = 0; path = KotlinIOS.app; sourceTree = BUILT_PRODUCTS_DIR; };
		ECF80CD323146F7B000A5965 /* AppDelegate.swift */ = {isa = PBXFileReference; lastKnownFileType = sourcecode.swift; path = AppDelegate.swift; sourceTree = "<group>"; };
		ECF80CD523146F7B000A5965 /* ViewController.swift */ = {isa = PBXFileReference; lastKnownFileType = sourcecode.swift; path = ViewController.swift; sourceTree = "<group>"; };
		ECF80CD823146F7B000A5965 /* Base */ = {isa = PBXFileReference; lastKnownFileType = file.storyboard; name = Base; path = Base.lproj/Main.storyboard; sourceTree = "<group>"; };
		ECF80CDA23146F7D000A5965 /* Assets.xcassets */ = {isa = PBXFileReference; lastKnownFileType = folder.assetcatalog; path = Assets.xcassets; sourceTree = "<group>"; };
		ECF80CDD23146F7D000A5965 /* Base */ = {isa = PBXFileReference; lastKnownFileType = file.storyboard; name = Base; path = Base.lproj/LaunchScreen.storyboard; sourceTree = "<group>"; };
		ECF80CDF23146F7D000A5965 /* Info.plist */ = {isa = PBXFileReference; lastKnownFileType = text.plist.xml; path = Info.plist; sourceTree = "<group>"; };
		ECF80CE423146F7D000A5965 /* KotlinIOSTests.xctest */ = {isa = PBXFileReference; explicitFileType = wrapper.cfbundle; includeInIndex = 0; path = KotlinIOSTests.xctest; sourceTree = BUILT_PRODUCTS_DIR; };
		ECF80CE823146F7D000A5965 /* KotlinIOSTests.swift */ = {isa = PBXFileReference; lastKnownFileType = sourcecode.swift; path = KotlinIOSTests.swift; sourceTree = "<group>"; };
		ECF80CEA23146F7D000A5965 /* Info.plist */ = {isa = PBXFileReference; lastKnownFileType = text.plist.xml; path = Info.plist; sourceTree = "<group>"; };
		ECF80CEF23146F7D000A5965 /* KotlinIOSUITests.xctest */ = {isa = PBXFileReference; explicitFileType = wrapper.cfbundle; includeInIndex = 0; path = KotlinIOSUITests.xctest; sourceTree = BUILT_PRODUCTS_DIR; };
		ECF80CF323146F7D000A5965 /* KotlinIOSUITests.swift */ = {isa = PBXFileReference; lastKnownFileType = sourcecode.swift; path = KotlinIOSUITests.swift; sourceTree = "<group>"; };
		ECF80CF523146F7E000A5965 /* Info.plist */ = {isa = PBXFileReference; lastKnownFileType = text.plist.xml; path = Info.plist; sourceTree = "<group>"; };
		ECF80D01231471E0000A5965 /* SharedCode.framework */ = {isa = PBXFileReference; lastKnownFileType = wrapper.framework; name = SharedCode.framework; path = "../../SharedCode/build/xcode-frameworks/SharedCode.framework"; sourceTree = "<group>"; };
/* End PBXFileReference section */

/* Begin PBXFrameworksBuildPhase section */
		ECF80CCD23146F7B000A5965 /* Frameworks */ = {
			isa = PBXFrameworksBuildPhase;
			buildActionMask = 2147483647;
			files = (
				ECF80D02231471E0000A5965 /* SharedCode.framework in Frameworks */,
			);
			runOnlyForDeploymentPostprocessing = 0;
		};
		ECF80CE123146F7D000A5965 /* Frameworks */ = {
			isa = PBXFrameworksBuildPhase;
			buildActionMask = 2147483647;
			files = (
			);
			runOnlyForDeploymentPostprocessing = 0;
		};
		ECF80CEC23146F7D000A5965 /* Frameworks */ = {
			isa = PBXFrameworksBuildPhase;
			buildActionMask = 2147483647;
			files = (
			);
			runOnlyForDeploymentPostprocessing = 0;
		};
/* End PBXFrameworksBuildPhase section */

/* Begin PBXGroup section */
		ECF80CC723146F7B000A5965 = {
			isa = PBXGroup;
			children = (
				ECF80D01231471E0000A5965 /* SharedCode.framework */,
				ECF80CD223146F7B000A5965 /* KotlinIOS */,
				ECF80CE723146F7D000A5965 /* KotlinIOSTests */,
				ECF80CF223146F7D000A5965 /* KotlinIOSUITests */,
				ECF80CD123146F7B000A5965 /* Products */,
			);
			sourceTree = "<group>";
		};
		ECF80CD123146F7B000A5965 /* Products */ = {
			isa = PBXGroup;
			children = (
				ECF80CD023146F7B000A5965 /* KotlinIOS.app */,
				ECF80CE423146F7D000A5965 /* KotlinIOSTests.xctest */,
				ECF80CEF23146F7D000A5965 /* KotlinIOSUITests.xctest */,
			);
			name = Products;
			sourceTree = "<group>";
		};
		ECF80CD223146F7B000A5965 /* KotlinIOS */ = {
			isa = PBXGroup;
			children = (
				ECF80CD323146F7B000A5965 /* AppDelegate.swift */,
				ECF80CD523146F7B000A5965 /* ViewController.swift */,
				ECF80CD723146F7B000A5965 /* Main.storyboard */,
				ECF80CDA23146F7D000A5965 /* Assets.xcassets */,
				ECF80CDC23146F7D000A5965 /* LaunchScreen.storyboard */,
				ECF80CDF23146F7D000A5965 /* Info.plist */,
			);
			path = KotlinIOS;
			sourceTree = "<group>";
		};
		ECF80CE723146F7D000A5965 /* KotlinIOSTests */ = {
			isa = PBXGroup;
			children = (
				ECF80CE823146F7D000A5965 /* KotlinIOSTests.swift */,
				ECF80CEA23146F7D000A5965 /* Info.plist */,
			);
			path = KotlinIOSTests;
			sourceTree = "<group>";
		};
		ECF80CF223146F7D000A5965 /* KotlinIOSUITests */ = {
			isa = PBXGroup;
			children = (
				ECF80CF323146F7D000A5965 /* KotlinIOSUITests.swift */,
				ECF80CF523146F7E000A5965 /* Info.plist */,
			);
			path = KotlinIOSUITests;
			sourceTree = "<group>";
		};
/* End PBXGroup section */

/* Begin PBXNativeTarget section */
		ECF80CCF23146F7B000A5965 /* KotlinIOS */ = {
			isa = PBXNativeTarget;
			buildConfigurationList = ECF80CF823146F7E000A5965 /* Build configuration list for PBXNativeTarget "KotlinIOS" */;
			buildPhases = (
				ECF80D0523147365000A5965 /* ShellScript */,
				ECF80CCC23146F7B000A5965 /* Sources */,
				ECF80CCD23146F7B000A5965 /* Frameworks */,
				ECF80CCE23146F7B000A5965 /* Resources */,
				ECF80D04231471E0000A5965 /* Embed Frameworks */,
			);
			buildRules = (
			);
			dependencies = (
			);
			name = KotlinIOS;
			productName = KotlinIOS;
			productReference = ECF80CD023146F7B000A5965 /* KotlinIOS.app */;
			productType = "com.apple.product-type.application";
		};
		ECF80CE323146F7D000A5965 /* KotlinIOSTests */ = {
			isa = PBXNativeTarget;
			buildConfigurationList = ECF80CFB23146F7E000A5965 /* Build configuration list for PBXNativeTarget "KotlinIOSTests" */;
			buildPhases = (
				ECF80CE023146F7D000A5965 /* Sources */,
				ECF80CE123146F7D000A5965 /* Frameworks */,
				ECF80CE223146F7D000A5965 /* Resources */,
			);
			buildRules = (
			);
			dependencies = (
				ECF80CE623146F7D000A5965 /* PBXTargetDependency */,
			);
			name = KotlinIOSTests;
			productName = KotlinIOSTests;
			productReference = ECF80CE423146F7D000A5965 /* KotlinIOSTests.xctest */;
			productType = "com.apple.product-type.bundle.unit-test";
		};
		ECF80CEE23146F7D000A5965 /* KotlinIOSUITests */ = {
			isa = PBXNativeTarget;
			buildConfigurationList = ECF80CFE23146F7E000A5965 /* Build configuration list for PBXNativeTarget "KotlinIOSUITests" */;
			buildPhases = (
				ECF80CEB23146F7D000A5965 /* Sources */,
				ECF80CEC23146F7D000A5965 /* Frameworks */,
				ECF80CED23146F7D000A5965 /* Resources */,
			);
			buildRules = (
			);
			dependencies = (
				ECF80CF123146F7D000A5965 /* PBXTargetDependency */,
			);
			name = KotlinIOSUITests;
			productName = KotlinIOSUITests;
			productReference = ECF80CEF23146F7D000A5965 /* KotlinIOSUITests.xctest */;
			productType = "com.apple.product-type.bundle.ui-testing";
		};
/* End PBXNativeTarget section */

/* Begin PBXProject section */
		ECF80CC823146F7B000A5965 /* Project object */ = {
			isa = PBXProject;
			attributes = {
				LastSwiftUpdateCheck = 1010;
				LastUpgradeCheck = 1010;
				ORGANIZATIONNAME = "Mike Wolfson";
				TargetAttributes = {
					ECF80CCF23146F7B000A5965 = {
						CreatedOnToolsVersion = 10.1;
					};
					ECF80CE323146F7D000A5965 = {
						CreatedOnToolsVersion = 10.1;
						TestTargetID = ECF80CCF23146F7B000A5965;
					};
					ECF80CEE23146F7D000A5965 = {
						CreatedOnToolsVersion = 10.1;
						TestTargetID = ECF80CCF23146F7B000A5965;
					};
				};
			};
			buildConfigurationList = ECF80CCB23146F7B000A5965 /* Build configuration list for PBXProject "KotlinIOS" */;
			compatibilityVersion = "Xcode 9.3";
			developmentRegion = en;
			hasScannedForEncodings = 0;
			knownRegions = (
				en,
				Base,
			);
			mainGroup = ECF80CC723146F7B000A5965;
			productRefGroup = ECF80CD123146F7B000A5965 /* Products */;
			projectDirPath = "";
			projectRoot = "";
			targets = (
				ECF80CCF23146F7B000A5965 /* KotlinIOS */,
				ECF80CE323146F7D000A5965 /* KotlinIOSTests */,
				ECF80CEE23146F7D000A5965 /* KotlinIOSUITests */,
			);
		};
/* End PBXProject section */

/* Begin PBXResourcesBuildPhase section */
		ECF80CCE23146F7B000A5965 /* Resources */ = {
			isa = PBXResourcesBuildPhase;
			buildActionMask = 2147483647;
			files = (
				ECF80CDE23146F7D000A5965 /* LaunchScreen.storyboard in Resources */,
				ECF80CDB23146F7D000A5965 /* Assets.xcassets in Resources */,
				ECF80CD923146F7B000A5965 /* Main.storyboard in Resources */,
			);
			runOnlyForDeploymentPostprocessing = 0;
		};
		ECF80CE223146F7D000A5965 /* Resources */ = {
			isa = PBXResourcesBuildPhase;
			buildActionMask = 2147483647;
			files = (
			);
			runOnlyForDeploymentPostprocessing = 0;
		};
		ECF80CED23146F7D000A5965 /* Resources */ = {
			isa = PBXResourcesBuildPhase;
			buildActionMask = 2147483647;
			files = (
			);
			runOnlyForDeploymentPostprocessing = 0;
		};
/* End PBXResourcesBuildPhase section */

/* Begin PBXShellScriptBuildPhase section */
		ECF80D0523147365000A5965 /* ShellScript */ = {
			isa = PBXShellScriptBuildPhase;
			buildActionMask = 2147483647;
			files = (
			);
			inputFileListPaths = (
			);
			inputPaths = (
			);
			outputFileListPaths = (
			);
			outputPaths = (
			);
			runOnlyForDeploymentPostprocessing = 0;
			shellPath = /bin/sh;
			shellScript = "cd \"$SRCROOT/../../SharedCode/build/xcode-frameworks\"\n./gradlew :SharedCode:packForXCode -PXCODE_CONFIGURATION=${CONFIGURATION}\n";
		};
/* End PBXShellScriptBuildPhase section */

/* Begin PBXSourcesBuildPhase section */
		ECF80CCC23146F7B000A5965 /* Sources */ = {
			isa = PBXSourcesBuildPhase;
			buildActionMask = 2147483647;
			files = (
				ECF80CD623146F7B000A5965 /* ViewController.swift in Sources */,
				ECF80CD423146F7B000A5965 /* AppDelegate.swift in Sources */,
			);
			runOnlyForDeploymentPostprocessing = 0;
		};
		ECF80CE023146F7D000A5965 /* Sources */ = {
			isa = PBXSourcesBuildPhase;
			buildActionMask = 2147483647;
			files = (
				ECF80CE923146F7D000A5965 /* KotlinIOSTests.swift in Sources */,
			);
			runOnlyForDeploymentPostprocessing = 0;
		};
		ECF80CEB23146F7D000A5965 /* Sources */ = {
			isa = PBXSourcesBuildPhase;
			buildActionMask = 2147483647;
			files = (
				ECF80CF423146F7D000A5965 /* KotlinIOSUITests.swift in Sources */,
			);
			runOnlyForDeploymentPostprocessing = 0;
		};
/* End PBXSourcesBuildPhase section */

/* Begin PBXTargetDependency section */
		ECF80CE623146F7D000A5965 /* PBXTargetDependency */ = {
			isa = PBXTargetDependency;
			target = ECF80CCF23146F7B000A5965 /* KotlinIOS */;
			targetProxy = ECF80CE523146F7D000A5965 /* PBXContainerItemProxy */;
		};
		ECF80CF123146F7D000A5965 /* PBXTargetDependency */ = {
			isa = PBXTargetDependency;
			target = ECF80CCF23146F7B000A5965 /* KotlinIOS */;
			targetProxy = ECF80CF023146F7D000A5965 /* PBXContainerItemProxy */;
		};
/* End PBXTargetDependency section */

/* Begin PBXVariantGroup section */
		ECF80CD723146F7B000A5965 /* Main.storyboard */ = {
			isa = PBXVariantGroup;
			children = (
				ECF80CD823146F7B000A5965 /* Base */,
			);
			name = Main.storyboard;
			sourceTree = "<group>";
		};
		ECF80CDC23146F7D000A5965 /* LaunchScreen.storyboard */ = {
			isa = PBXVariantGroup;
			children = (
				ECF80CDD23146F7D000A5965 /* Base */,
			);
			name = LaunchScreen.storyboard;
			sourceTree = "<group>";
		};
/* End PBXVariantGroup section */

/* Begin XCBuildConfiguration section */
		ECF80CF623146F7E000A5965 /* Debug */ = {
			isa = XCBuildConfiguration;
			buildSettings = {
				ALWAYS_SEARCH_USER_PATHS = NO;
				CLANG_ANALYZER_NONNULL = YES;
				CLANG_ANALYZER_NUMBER_OBJECT_CONVERSION = YES_AGGRESSIVE;
				CLANG_CXX_LANGUAGE_STANDARD = "gnu++14";
				CLANG_CXX_LIBRARY = "libc++";
				CLANG_ENABLE_MODULES = YES;
				CLANG_ENABLE_OBJC_ARC = YES;
				CLANG_ENABLE_OBJC_WEAK = YES;
				CLANG_WARN_BLOCK_CAPTURE_AUTORELEASING = YES;
				CLANG_WARN_BOOL_CONVERSION = YES;
				CLANG_WARN_COMMA = YES;
				CLANG_WARN_CONSTANT_CONVERSION = YES;
				CLANG_WARN_DEPRECATED_OBJC_IMPLEMENTATIONS = YES;
				CLANG_WARN_DIRECT_OBJC_ISA_USAGE = YES_ERROR;
				CLANG_WARN_DOCUMENTATION_COMMENTS = YES;
				CLANG_WARN_EMPTY_BODY = YES;
				CLANG_WARN_ENUM_CONVERSION = YES;
				CLANG_WARN_INFINITE_RECURSION = YES;
				CLANG_WARN_INT_CONVERSION = YES;
				CLANG_WARN_NON_LITERAL_NULL_CONVERSION = YES;
				CLANG_WARN_OBJC_IMPLICIT_RETAIN_SELF = YES;
				CLANG_WARN_OBJC_LITERAL_CONVERSION = YES;
				CLANG_WARN_OBJC_ROOT_CLASS = YES_ERROR;
				CLANG_WARN_RANGE_LOOP_ANALYSIS = YES;
				CLANG_WARN_STRICT_PROTOTYPES = YES;
				CLANG_WARN_SUSPICIOUS_MOVE = YES;
				CLANG_WARN_UNGUARDED_AVAILABILITY = YES_AGGRESSIVE;
				CLANG_WARN_UNREACHABLE_CODE = YES;
				CLANG_WARN__DUPLICATE_METHOD_MATCH = YES;
				CODE_SIGN_IDENTITY = "iPhone Developer";
				COPY_PHASE_STRIP = NO;
				DEBUG_INFORMATION_FORMAT = dwarf;
				ENABLE_STRICT_OBJC_MSGSEND = YES;
				ENABLE_TESTABILITY = YES;
				GCC_C_LANGUAGE_STANDARD = gnu11;
				GCC_DYNAMIC_NO_PIC = NO;
				GCC_NO_COMMON_BLOCKS = YES;
				GCC_OPTIMIZATION_LEVEL = 0;
				GCC_PREPROCESSOR_DEFINITIONS = (
					"DEBUG=1",
					"$(inherited)",
				);
				GCC_WARN_64_TO_32_BIT_CONVERSION = YES;
				GCC_WARN_ABOUT_RETURN_TYPE = YES_ERROR;
				GCC_WARN_UNDECLARED_SELECTOR = YES;
				GCC_WARN_UNINITIALIZED_AUTOS = YES_AGGRESSIVE;
				GCC_WARN_UNUSED_FUNCTION = YES;
				GCC_WARN_UNUSED_VARIABLE = YES;
				IPHONEOS_DEPLOYMENT_TARGET = 12.1;
				MTL_ENABLE_DEBUG_INFO = INCLUDE_SOURCE;
				MTL_FAST_MATH = YES;
				ONLY_ACTIVE_ARCH = YES;
				SDKROOT = iphoneos;
				SWIFT_ACTIVE_COMPILATION_CONDITIONS = DEBUG;
				SWIFT_OPTIMIZATION_LEVEL = "-Onone";
			};
			name = Debug;
		};
		ECF80CF723146F7E000A5965 /* Release */ = {
			isa = XCBuildConfiguration;
			buildSettings = {
				ALWAYS_SEARCH_USER_PATHS = NO;
				CLANG_ANALYZER_NONNULL = YES;
				CLANG_ANALYZER_NUMBER_OBJECT_CONVERSION = YES_AGGRESSIVE;
				CLANG_CXX_LANGUAGE_STANDARD = "gnu++14";
				CLANG_CXX_LIBRARY = "libc++";
				CLANG_ENABLE_MODULES = YES;
				CLANG_ENABLE_OBJC_ARC = YES;
				CLANG_ENABLE_OBJC_WEAK = YES;
				CLANG_WARN_BLOCK_CAPTURE_AUTORELEASING = YES;
				CLANG_WARN_BOOL_CONVERSION = YES;
				CLANG_WARN_COMMA = YES;
				CLANG_WARN_CONSTANT_CONVERSION = YES;
				CLANG_WARN_DEPRECATED_OBJC_IMPLEMENTATIONS = YES;
				CLANG_WARN_DIRECT_OBJC_ISA_USAGE = YES_ERROR;
				CLANG_WARN_DOCUMENTATION_COMMENTS = YES;
				CLANG_WARN_EMPTY_BODY = YES;
				CLANG_WARN_ENUM_CONVERSION = YES;
				CLANG_WARN_INFINITE_RECURSION = YES;
				CLANG_WARN_INT_CONVERSION = YES;
				CLANG_WARN_NON_LITERAL_NULL_CONVERSION = YES;
				CLANG_WARN_OBJC_IMPLICIT_RETAIN_SELF = YES;
				CLANG_WARN_OBJC_LITERAL_CONVERSION = YES;
				CLANG_WARN_OBJC_ROOT_CLASS = YES_ERROR;
				CLANG_WARN_RANGE_LOOP_ANALYSIS = YES;
				CLANG_WARN_STRICT_PROTOTYPES = YES;
				CLANG_WARN_SUSPICIOUS_MOVE = YES;
				CLANG_WARN_UNGUARDED_AVAILABILITY = YES_AGGRESSIVE;
				CLANG_WARN_UNREACHABLE_CODE = YES;
				CLANG_WARN__DUPLICATE_METHOD_MATCH = YES;
				CODE_SIGN_IDENTITY = "iPhone Developer";
				COPY_PHASE_STRIP = NO;
				DEBUG_INFORMATION_FORMAT = "dwarf-with-dsym";
				ENABLE_NS_ASSERTIONS = NO;
				ENABLE_STRICT_OBJC_MSGSEND = YES;
				GCC_C_LANGUAGE_STANDARD = gnu11;
				GCC_NO_COMMON_BLOCKS = YES;
				GCC_WARN_64_TO_32_BIT_CONVERSION = YES;
				GCC_WARN_ABOUT_RETURN_TYPE = YES_ERROR;
				GCC_WARN_UNDECLARED_SELECTOR = YES;
				GCC_WARN_UNINITIALIZED_AUTOS = YES_AGGRESSIVE;
				GCC_WARN_UNUSED_FUNCTION = YES;
				GCC_WARN_UNUSED_VARIABLE = YES;
				IPHONEOS_DEPLOYMENT_TARGET = 12.1;
				MTL_ENABLE_DEBUG_INFO = NO;
				MTL_FAST_MATH = YES;
				SDKROOT = iphoneos;
				SWIFT_COMPILATION_MODE = wholemodule;
				SWIFT_OPTIMIZATION_LEVEL = "-O";
				VALIDATE_PRODUCT = YES;
			};
			name = Release;
		};
		ECF80CF923146F7E000A5965 /* Debug */ = {
			isa = XCBuildConfiguration;
			buildSettings = {
				ASSETCATALOG_COMPILER_APPICON_NAME = AppIcon;
				CODE_SIGN_STYLE = Automatic;
				DEVELOPMENT_TEAM = Z74J93HPZX;
				"FRAMEWORK_SEARCH_PATHS[arch=*]" = "$(SRCROOT)/../../SharedCode/build/xcode-frameworks";
				INFOPLIST_FILE = KotlinIOS/Info.plist;
				LD_RUNPATH_SEARCH_PATHS = (
					"$(inherited)",
					"@executable_path/Frameworks",
				);
				PRODUCT_BUNDLE_IDENTIFIER = com.ableandroid.kmpdemo.KotlinIOS;
				PRODUCT_NAME = "$(TARGET_NAME)";
				SWIFT_VERSION = 4.2;
				TARGETED_DEVICE_FAMILY = "1,2";
			};
			name = Debug;
		};
		ECF80CFA23146F7E000A5965 /* Release */ = {
			isa = XCBuildConfiguration;
			buildSettings = {
				ASSETCATALOG_COMPILER_APPICON_NAME = AppIcon;
				CODE_SIGN_STYLE = Automatic;
				DEVELOPMENT_TEAM = Z74J93HPZX;
				"FRAMEWORK_SEARCH_PATHS[arch=*]" = "$(SRCROOT)/../../SharedCode/build/xcode-frameworks";
				INFOPLIST_FILE = KotlinIOS/Info.plist;
				LD_RUNPATH_SEARCH_PATHS = (
					"$(inherited)",
					"@executable_path/Frameworks",
				);
				PRODUCT_BUNDLE_IDENTIFIER = com.ableandroid.kmpdemo.KotlinIOS;
				PRODUCT_NAME = "$(TARGET_NAME)";
				SWIFT_VERSION = 4.2;
				TARGETED_DEVICE_FAMILY = "1,2";
			};
			name = Release;
		};
		ECF80CFC23146F7E000A5965 /* Debug */ = {
			isa = XCBuildConfiguration;
			buildSettings = {
				ALWAYS_EMBED_SWIFT_STANDARD_LIBRARIES = YES;
				BUNDLE_LOADER = "$(TEST_HOST)";
				CODE_SIGN_STYLE = Automatic;
				DEVELOPMENT_TEAM = Z74J93HPZX;
				INFOPLIST_FILE = KotlinIOSTests/Info.plist;
				LD_RUNPATH_SEARCH_PATHS = (
					"$(inherited)",
					"@executable_path/Frameworks",
					"@loader_path/Frameworks",
				);
				PRODUCT_BUNDLE_IDENTIFIER = com.ableandroid.kmpdemo.KotlinIOSTests;
				PRODUCT_NAME = "$(TARGET_NAME)";
				SWIFT_VERSION = 4.2;
				TARGETED_DEVICE_FAMILY = "1,2";
				TEST_HOST = "$(BUILT_PRODUCTS_DIR)/KotlinIOS.app/KotlinIOS";
			};
			name = Debug;
		};
		ECF80CFD23146F7E000A5965 /* Release */ = {
			isa = XCBuildConfiguration;
			buildSettings = {
				ALWAYS_EMBED_SWIFT_STANDARD_LIBRARIES = YES;
				BUNDLE_LOADER = "$(TEST_HOST)";
				CODE_SIGN_STYLE = Automatic;
				DEVELOPMENT_TEAM = Z74J93HPZX;
				INFOPLIST_FILE = KotlinIOSTests/Info.plist;
				LD_RUNPATH_SEARCH_PATHS = (
					"$(inherited)",
					"@executable_path/Frameworks",
					"@loader_path/Frameworks",
				);
				PRODUCT_BUNDLE_IDENTIFIER = com.ableandroid.kmpdemo.KotlinIOSTests;
				PRODUCT_NAME = "$(TARGET_NAME)";
				SWIFT_VERSION = 4.2;
				TARGETED_DEVICE_FAMILY = "1,2";
				TEST_HOST = "$(BUILT_PRODUCTS_DIR)/KotlinIOS.app/KotlinIOS";
			};
			name = Release;
		};
		ECF80CFF23146F7E000A5965 /* Debug */ = {
			isa = XCBuildConfiguration;
			buildSettings = {
				ALWAYS_EMBED_SWIFT_STANDARD_LIBRARIES = YES;
				CODE_SIGN_STYLE = Automatic;
				DEVELOPMENT_TEAM = Z74J93HPZX;
				INFOPLIST_FILE = KotlinIOSUITests/Info.plist;
				LD_RUNPATH_SEARCH_PATHS = (
					"$(inherited)",
					"@executable_path/Frameworks",
					"@loader_path/Frameworks",
				);
				PRODUCT_BUNDLE_IDENTIFIER = com.ableandroid.kmpdemo.KotlinIOSUITests;
				PRODUCT_NAME = "$(TARGET_NAME)";
				SWIFT_VERSION = 4.2;
				TARGETED_DEVICE_FAMILY = "1,2";
				TEST_TARGET_NAME = KotlinIOS;
			};
			name = Debug;
		};
		ECF80D0023146F7E000A5965 /* Release */ = {
			isa = XCBuildConfiguration;
			buildSettings = {
				ALWAYS_EMBED_SWIFT_STANDARD_LIBRARIES = YES;
				CODE_SIGN_STYLE = Automatic;
				DEVELOPMENT_TEAM = Z74J93HPZX;
				INFOPLIST_FILE = KotlinIOSUITests/Info.plist;
				LD_RUNPATH_SEARCH_PATHS = (
					"$(inherited)",
					"@executable_path/Frameworks",
					"@loader_path/Frameworks",
				);
				PRODUCT_BUNDLE_IDENTIFIER = com.ableandroid.kmpdemo.KotlinIOSUITests;
				PRODUCT_NAME = "$(TARGET_NAME)";
				SWIFT_VERSION = 4.2;
				TARGETED_DEVICE_FAMILY = "1,2";
				TEST_TARGET_NAME = KotlinIOS;
			};
			name = Release;
		};
/* End XCBuildConfiguration section */

/* Begin XCConfigurationList section */
		ECF80CCB23146F7B000A5965 /* Build configuration list for PBXProject "KotlinIOS" */ = {
			isa = XCConfigurationList;
			buildConfigurations = (
				ECF80CF623146F7E000A5965 /* Debug */,
				ECF80CF723146F7E000A5965 /* Release */,
			);
			defaultConfigurationIsVisible = 0;
			defaultConfigurationName = Release;
		};
		ECF80CF823146F7E000A5965 /* Build configuration list for PBXNativeTarget "KotlinIOS" */ = {
			isa = XCConfigurationList;
			buildConfigurations = (
				ECF80CF923146F7E000A5965 /* Debug */,
				ECF80CFA23146F7E000A5965 /* Release */,
			);
			defaultConfigurationIsVisible = 0;
			defaultConfigurationName = Release;
		};
		ECF80CFB23146F7E000A5965 /* Build configuration list for PBXNativeTarget "KotlinIOSTests" */ = {
			isa = XCConfigurationList;
			buildConfigurations = (
				ECF80CFC23146F7E000A5965 /* Debug */,
				ECF80CFD23146F7E000A5965 /* Release */,
			);
			defaultConfigurationIsVisible = 0;
			defaultConfigurationName = Release;
		};
		ECF80CFE23146F7E000A5965 /* Build configuration list for PBXNativeTarget "KotlinIOSUITests" */ = {
			isa = XCConfigurationList;
			buildConfigurations = (
				ECF80CFF23146F7E000A5965 /* Debug */,
				ECF80D0023146F7E000A5965 /* Release */,
			);
			defaultConfigurationIsVisible = 0;
			defaultConfigurationName = Release;
		};
/* End XCConfigurationList section */
	};
	rootObject = ECF80CC823146F7B000A5965 /* Project object */;
}
